github.com/moritztng/perceptionOS v0.0.0-20230126002005-6bf021180c53 h1:Q/6Z5apgKS96FdNYDoT6xkXxdvwy6Ib5ggIG0UQ0jBw=
github.com/moritztng/perceptionOS v0.0.0-20230126002005-6bf021180c53/go.mod h1:0SuMqB3NFwUJLgZgagDt5m58dxHFedcZOUI0a0I4VQY=
github.com/moritztng/perceptionOS v0.0.0-20230126002005-6bf021180c53 h1:Q/6Z5apgKS96FdNYDoT6xkXxdvwy6Ib5ggIG0UQ0jBw=
github.com/moritztng/perceptionOS v0.0.0-20230126002005-6bf021180c53/go.mod h1:0SuMqB3NFwUJLgZgagDt5m58dxHFedcZOUI0a0I4VQY=
